{
	"name": "my-lerna-demo",
	"version": "0.0.2",
	"lockfileVersion": 1,
	"requires": true,
	"dependencies": {
		"cross-env": {
			"version": "6.0.3",
			"resolved": "http://192.168.96.207:4873/cross-env/-/cross-env-6.0.3.tgz",
			"integrity": "sha1-Qla3HkmzpAY3oM5wdopu9ccq6UE=",
			"requires": {
				"cross-spawn": "^7.0.0"
			}
		},
		"cross-spawn": {
			"version": "7.0.1",
			"resolved": "http://192.168.96.207:4873/cross-spawn/-/cross-spawn-7.0.1.tgz",
			"integrity": "sha1-CrVihuD3wk4VPQTMKqAn5DqaXRQ=",
			"requires": {
				"path-key": "^3.1.0",
				"shebang-command": "^2.0.0",
				"which": "^2.0.1"
			}
		},
		"isexe": {
			"version": "2.0.0",
			"resolved": "http://192.168.96.207:4873/isexe/-/isexe-2.0.0.tgz",
			"integrity": "sha1-6PvzdNxVb/iUehDcsFctYz8s+hA="
		},
		"path-key": {
			"version": "3.1.1",
			"resolved": "http://192.168.96.207:4873/path-key/-/path-key-3.1.1.tgz",
			"integrity": "sha1-WB9q3mWMu6ZaDTOA3ndTKVBU83U="
		},
		"shebang-command": {
			"version": "2.0.0",
			"resolved": "http://192.168.96.207:4873/shebang-command/-/shebang-command-2.0.0.tgz",
			"integrity": "sha1-zNCvT4g1+9wmW4JGGq8MNmY/NOo=",
			"requires": {
				"shebang-regex": "^3.0.0"
			}
		},
		"shebang-regex": {
			"version": "3.0.0",
			"resolved": "http://192.168.96.207:4873/shebang-regex/-/shebang-regex-3.0.0.tgz",
			"integrity": "sha512-7++dFhtcx3353uBaq8DDR4NuxBetBzC7ZQOhmTQInHEd6bSrXdiEyzCvG07Z44UYdLShWUyXt5M/yhz8ekcb1A=="
		},
		"which": {
			"version": "2.0.2",
			"resolved": "http://192.168.96.207:4873/which/-/which-2.0.2.tgz",
			"integrity": "sha1-fGqN0KY2oDJ+ELWckobu6T8/UbE=",
			"requires": {
				"isexe": "^2.0.0"
			}
		}
	}
}
